Microsoft Visual Studio Solution File, Format Version 12.00
# Visual Studio Version 17
VisualStudioVersion = 17.5.2.0
MinimumVisualStudioVersion = 10.0.40219.1
Project("{FAE04EC0-301F-11D3-BF4B-00C04F79EFBC}") = "albums-api", "albums-api\albums-api.csproj", "{AFD2CA5B-6C82-785B-718C-D4495EDCBEA6}"
EndProject
Project("{FAE04EC0-301F-11D3-BF4B-00C04F79EFBC}") = "albums-api.tests", "albums-api.tests\albums-api.tests.csproj", "{BFD2CA5B-6C82-785B-718C-D4495EDCBEA7}"
EndProject
Project("{FAE04EC0-301F-11D3-BF4B-00C04F79EFBC}") = "album-viewer-aspnet", "album-viewer-aspnet\album-viewer-aspnet.csproj", "{CFD2CA5B-6C82-785B-718C-D4495EDCBEA8}"
EndProject
Global
	GlobalSection(SolutionConfigurationPlatforms) = preSolution
		Debug|Any CPU = Debug|Any CPU
		Release|Any CPU = Release|Any CPU
	EndGlobalSection
	GlobalSection(ProjectConfigurationPlatforms) = postSolution
		{AFD2CA5B-6C82-785B-718C-D4495EDCBEA6}.Debug|Any CPU.ActiveCfg = Debug|Any CPU
		{AFD2CA5B-6C82-785B-718C-D4495EDCBEA6}.Debug|Any CPU.Build.0 = Debug|Any CPU
		{AFD2CA5B-6C82-785B-718C-D4495EDCBEA6}.Release|Any CPU.ActiveCfg = Release|Any CPU
		{AFD2CA5B-6C82-785B-718C-D4495EDCBEA6}.Release|Any CPU.Build.0 = Release|Any CPU
		{BFD2CA5B-6C82-785B-718C-D4495EDCBEA7}.Debug|Any CPU.ActiveCfg = Debug|Any CPU
		{BFD2CA5B-6C82-785B-718C-D4495EDCBEA7}.Debug|Any CPU.Build.0 = Debug|Any CPU
		{BFD2CA5B-6C82-785B-718C-D4495EDCBEA7}.Release|Any CPU.ActiveCfg = Release|Any CPU
		{BFD2CA5B-6C82-785B-718C-D4495EDCBEA7}.Release|Any CPU.Build.0 = Release|Any CPU
		{CFD2CA5B-6C82-785B-718C-D4495EDCBEA8}.Debug|Any CPU.ActiveCfg = Debug|Any CPU
		{CFD2CA5B-6C82-785B-718C-D4495EDCBEA8}.Debug|Any CPU.Build.0 = Debug|Any CPU
		{CFD2CA5B-6C82-785B-718C-D4495EDCBEA8}.Release|Any CPU.ActiveCfg = Release|Any CPU
		{CFD2CA5B-6C82-785B-718C-D4495EDCBEA8}.Release|Any CPU.Build.0 = Release|Any CPU
	EndGlobalSection
	GlobalSection(SolutionProperties) = preSolution
		HideSolutionNode = FALSE
	EndGlobalSection
	GlobalSection(ExtensibilityGlobals) = postSolution
		SolutionGuid = {63A8A1A8-5FFF-4766-8CB3-AB5EEEE864CC}
	EndGlobalSection
EndGlobal
